
Microsoft Visual Studio Solution File, Format Version 12.00
# Visual Studio Version 16
VisualStudioVersion = 16.0.32106.194
MinimumVisualStudioVersion = 10.0.40219.1
Project("{FAE04EC0-301F-11D3-BF4B-00C04F79EFBC}") = "DotNetMongoDB", "DotNetMongoDB\DotNetMongoDB.csproj", "{E1603CB1-2683-4127-B925-C4C6CE4EF94E}"
EndProject
Global
	GlobalSection(SolutionConfigurationPlatforms) = preSolution
		Debug|Any CPU = Debug|Any CPU
		Release|Any CPU = Release|Any CPU
	EndGlobalSection
	GlobalSection(ProjectConfigurationPlatforms) = postSolution
		{E1603CB1-2683-4127-B925-C4C6CE4EF94E}.Debug|Any CPU.ActiveCfg = Debug|Any CPU
		{E1603CB1-2683-4127-B925-C4C6CE4EF94E}.Debug|Any CPU.Build.0 = Debug|Any CPU
		{E1603CB1-2683-4127-B925-C4C6CE4EF94E}.Release|Any CPU.ActiveCfg = Release|Any CPU
		{E1603CB1-2683-4127-B925-C4C6CE4EF94E}.Release|Any CPU.Build.0 = Release|Any CPU
	EndGlobalSection
	GlobalSection(SolutionProperties) = preSolution
		HideSolutionNode = FALSE
	EndGlobalSection
	GlobalSection(ExtensibilityGlobals) = postSolution
		SolutionGuid = {44EC37A8-9882-4395-A0BC-F647C035FE1C}
	EndGlobalSection
EndGlobal
